
Microsoft Visual Studio Solution File, Format Version 12.00
# Visual Studio 15
Project("{FAE04EC0-301F-11D3-BF4B-00C04F79EFBC}") = "Assembly-CSharp-firstpass", "Assembly-CSharp-firstpass.csproj", "{97ECC6C7-8522-9E8A-BEC8-67C05B652DB0}"
EndProject
Project("{FAE04EC0-301F-11D3-BF4B-00C04F79EFBC}") = "Assembly-CSharp", "Assembly-CSharp.csproj", "{28CF3582-415B-94E0-0FE1-D1C77021C9E1}"
EndProject
Project("{FAE04EC0-301F-11D3-BF4B-00C04F79EFBC}") = "Assembly-CSharp-Editor-firstpass", "Assembly-CSharp-Editor-firstpass.csproj", "{746F4B8D-497C-4D79-9EC2-2D7CEF4DB562}"
EndProject
Project("{FAE04EC0-301F-11D3-BF4B-00C04F79EFBC}") = "OccaSoftware.Crosshairs.Editor", "OccaSoftware.Crosshairs.Editor.csproj", "{4A62D10C-0355-51F8-426D-CEB4BA14ED1C}"
EndProject
Global
	GlobalSection(SolutionConfigurationPlatforms) = preSolution
		Debug|Any CPU = Debug|Any CPU
		Release|Any CPU = Release|Any CPU
	EndGlobalSection
	GlobalSection(ProjectConfigurationPlatforms) = postSolution
		{97ECC6C7-8522-9E8A-BEC8-67C05B652DB0}.Debug|Any CPU.ActiveCfg = Debug|Any CPU
		{97ECC6C7-8522-9E8A-BEC8-67C05B652DB0}.Debug|Any CPU.Build.0 = Debug|Any CPU
		{97ECC6C7-8522-9E8A-BEC8-67C05B652DB0}.Release|Any CPU.ActiveCfg = Release|Any CPU
		{97ECC6C7-8522-9E8A-BEC8-67C05B652DB0}.Release|Any CPU.Build.0 = Release|Any CPU
		{28CF3582-415B-94E0-0FE1-D1C77021C9E1}.Debug|Any CPU.ActiveCfg = Debug|Any CPU
		{28CF3582-415B-94E0-0FE1-D1C77021C9E1}.Debug|Any CPU.Build.0 = Debug|Any CPU
		{28CF3582-415B-94E0-0FE1-D1C77021C9E1}.Release|Any CPU.ActiveCfg = Release|Any CPU
		{28CF3582-415B-94E0-0FE1-D1C77021C9E1}.Release|Any CPU.Build.0 = Release|Any CPU
		{746F4B8D-497C-4D79-9EC2-2D7CEF4DB562}.Debug|Any CPU.ActiveCfg = Debug|Any CPU
		{746F4B8D-497C-4D79-9EC2-2D7CEF4DB562}.Debug|Any CPU.Build.0 = Debug|Any CPU
		{746F4B8D-497C-4D79-9EC2-2D7CEF4DB562}.Release|Any CPU.ActiveCfg = Release|Any CPU
		{746F4B8D-497C-4D79-9EC2-2D7CEF4DB562}.Release|Any CPU.Build.0 = Release|Any CPU
		{4A62D10C-0355-51F8-426D-CEB4BA14ED1C}.Debug|Any CPU.ActiveCfg = Debug|Any CPU
		{4A62D10C-0355-51F8-426D-CEB4BA14ED1C}.Debug|Any CPU.Build.0 = Debug|Any CPU
		{4A62D10C-0355-51F8-426D-CEB4BA14ED1C}.Release|Any CPU.ActiveCfg = Release|Any CPU
		{4A62D10C-0355-51F8-426D-CEB4BA14ED1C}.Release|Any CPU.Build.0 = Release|Any CPU
	EndGlobalSection
	GlobalSection(SolutionProperties) = preSolution
		HideSolutionNode = FALSE
	EndGlobalSection
EndGlobal
